
Microsoft Visual Studio Solution File, Format Version 12.00
# Visual Studio Version 17
VisualStudioVersion = 17.14.36221.1 d17.14
MinimumVisualStudioVersion = 10.0.40219.1
Project("{FAE04EC0-301F-11D3-BF4B-00C04F79EFBC}") = "tutorial5", "tutorial5\tutorial5.csproj", "{CCF682EE-0CB1-4E51-8BF8-C8ED59537DFA}"
EndProject
Global
	GlobalSection(SolutionConfigurationPlatforms) = preSolution
		Debug|Any CPU = Debug|Any CPU
		Release|Any CPU = Release|Any CPU
	EndGlobalSection
	GlobalSection(ProjectConfigurationPlatforms) = postSolution
		{CCF682EE-0CB1-4E51-8BF8-C8ED59537DFA}.Debug|Any CPU.ActiveCfg = Debug|Any CPU
		{CCF682EE-0CB1-4E51-8BF8-C8ED59537DFA}.Debug|Any CPU.Build.0 = Debug|Any CPU
		{CCF682EE-0CB1-4E51-8BF8-C8ED59537DFA}.Release|Any CPU.ActiveCfg = Release|Any CPU
		{CCF682EE-0CB1-4E51-8BF8-C8ED59537DFA}.Release|Any CPU.Build.0 = Release|Any CPU
	EndGlobalSection
	GlobalSection(SolutionProperties) = preSolution
		HideSolutionNode = FALSE
	EndGlobalSection
	GlobalSection(ExtensibilityGlobals) = postSolution
		SolutionGuid = {3DC36B87-82DB-429F-BE62-033D62E6ADAE}
	EndGlobalSection
EndGlobal
